
Microsoft Visual Studio Solution File, Format Version 12.00
# Visual Studio Version 17
VisualStudioVersion = 17.11.35222.181
MinimumVisualStudioVersion = 10.0.40219.1
Project("{FAE04EC0-301F-11D3-BF4B-00C04F79EFBC}") = "Burbuja", "Burbuja\Burbuja.csproj", "{47058028-D974-44D0-8B44-EFA801B7C26D}"
EndProject
Project("{FAE04EC0-301F-11D3-BF4B-00C04F79EFBC}") = "Registro", "Registro\Registro.csproj", "{3331F015-E5BF-4E4D-B150-D2667DEE6092}"
EndProject
Global
	GlobalSection(SolutionConfigurationPlatforms) = preSolution
		Debug|Any CPU = Debug|Any CPU
		Release|Any CPU = Release|Any CPU
	EndGlobalSection
	GlobalSection(ProjectConfigurationPlatforms) = postSolution
		{47058028-D974-44D0-8B44-EFA801B7C26D}.Debug|Any CPU.ActiveCfg = Debug|Any CPU
		{47058028-D974-44D0-8B44-EFA801B7C26D}.Debug|Any CPU.Build.0 = Debug|Any CPU
		{47058028-D974-44D0-8B44-EFA801B7C26D}.Release|Any CPU.ActiveCfg = Release|Any CPU
		{47058028-D974-44D0-8B44-EFA801B7C26D}.Release|Any CPU.Build.0 = Release|Any CPU
		{3331F015-E5BF-4E4D-B150-D2667DEE6092}.Debug|Any CPU.ActiveCfg = Debug|Any CPU
		{3331F015-E5BF-4E4D-B150-D2667DEE6092}.Debug|Any CPU.Build.0 = Debug|Any CPU
		{3331F015-E5BF-4E4D-B150-D2667DEE6092}.Release|Any CPU.ActiveCfg = Release|Any CPU
		{3331F015-E5BF-4E4D-B150-D2667DEE6092}.Release|Any CPU.Build.0 = Release|Any CPU
	EndGlobalSection
	GlobalSection(SolutionProperties) = preSolution
		HideSolutionNode = FALSE
	EndGlobalSection
	GlobalSection(ExtensibilityGlobals) = postSolution
		SolutionGuid = {87EDAB34-6799-4632-8B20-8C455C2AB944}
	EndGlobalSection
EndGlobal
